PODS:
  - Masonry (1.1.0)
  - WebRTC (63.11.20455)

DEPENDENCIES:
  - Masonry (~> 1.1.0)
  - WebRTC (~> 63.11.20455)

SPEC REPOS:
  trunk:
    - Masonry
    - WebRTC

SPEC CHECKSUMS:
  Masonry: 678fab65091a9290e40e2832a55e7ab731aad201
  WebRTC: f2a6203584745fe53532633397557876b5d71640

PODFILE CHECKSUM: 22c57669829d8586393dbb6ed11c8211ad5b95cb

COCOAPODS: 1.11.3
